
Microsoft Visual Studio Solution File, Format Version 12.00
# Visual Studio 15
VisualStudioVersion = 15.0.28307.1209
MinimumVisualStudioVersion = 10.0.40219.1
Project("{FAE04EC0-301F-11D3-BF4B-00C04F79EFBC}") = "WeatherStation", "WeatherStation\WeatherStation.csproj", "{8354A68A-AAC7-4BCF-B451-6C984ECC998D}"
EndProject
Project("{FAE04EC0-301F-11D3-BF4B-00C04F79EFBC}") = "WeatherStationPractice", "WeatherStationPractice\WeatherStationPractice.csproj", "{00533B1E-014F-4672-BAD0-B0BE0C918F31}"
EndProject
Global
	GlobalSection(SolutionConfigurationPlatforms) = preSolution
		Debug|Any CPU = Debug|Any CPU
		Release|Any CPU = Release|Any CPU
	EndGlobalSection
	GlobalSection(ProjectConfigurationPlatforms) = postSolution
		{8354A68A-AAC7-4BCF-B451-6C984ECC998D}.Debug|Any CPU.ActiveCfg = Debug|Any CPU
		{8354A68A-AAC7-4BCF-B451-6C984ECC998D}.Debug|Any CPU.Build.0 = Debug|Any CPU
		{8354A68A-AAC7-4BCF-B451-6C984ECC998D}.Release|Any CPU.ActiveCfg = Release|Any CPU
		{8354A68A-AAC7-4BCF-B451-6C984ECC998D}.Release|Any CPU.Build.0 = Release|Any CPU
		{00533B1E-014F-4672-BAD0-B0BE0C918F31}.Debug|Any CPU.ActiveCfg = Debug|Any CPU
		{00533B1E-014F-4672-BAD0-B0BE0C918F31}.Debug|Any CPU.Build.0 = Debug|Any CPU
		{00533B1E-014F-4672-BAD0-B0BE0C918F31}.Release|Any CPU.ActiveCfg = Release|Any CPU
		{00533B1E-014F-4672-BAD0-B0BE0C918F31}.Release|Any CPU.Build.0 = Release|Any CPU
	EndGlobalSection
	GlobalSection(SolutionProperties) = preSolution
		HideSolutionNode = FALSE
	EndGlobalSection
	GlobalSection(ExtensibilityGlobals) = postSolution
		SolutionGuid = {0E381AF8-CF5F-48D4-931F-A13B0F96D387}
	EndGlobalSection
EndGlobal
