
Microsoft Visual Studio Solution File, Format Version 12.00
# Visual Studio 15
VisualStudioVersion = 15.0.28307.1209
MinimumVisualStudioVersion = 10.0.40219.1
Project("{FAE04EC0-301F-11D3-BF4B-00C04F79EFBC}") = "DICode", "DICode\DICode.csproj", "{7B86592F-8124-4530-9202-B83966DB0151}"
EndProject
Global
	GlobalSection(SolutionConfigurationPlatforms) = preSolution
		Debug|Any CPU = Debug|Any CPU
		Release|Any CPU = Release|Any CPU
	EndGlobalSection
	GlobalSection(ProjectConfigurationPlatforms) = postSolution
		{7B86592F-8124-4530-9202-B83966DB0151}.Debug|Any CPU.ActiveCfg = Debug|Any CPU
		{7B86592F-8124-4530-9202-B83966DB0151}.Debug|Any CPU.Build.0 = Debug|Any CPU
		{7B86592F-8124-4530-9202-B83966DB0151}.Release|Any CPU.ActiveCfg = Release|Any CPU
		{7B86592F-8124-4530-9202-B83966DB0151}.Release|Any CPU.Build.0 = Release|Any CPU
	EndGlobalSection
	GlobalSection(SolutionProperties) = preSolution
		HideSolutionNode = FALSE
	EndGlobalSection
	GlobalSection(ExtensibilityGlobals) = postSolution
		SolutionGuid = {0D2D3BAD-BA08-4A6D-AFA3-A0D856647DCC}
	EndGlobalSection
EndGlobal
