
Microsoft Visual Studio Solution File, Format Version 12.00
# Visual Studio 15
VisualStudioVersion = 15.0.28307.1209
MinimumVisualStudioVersion = 10.0.40219.1
Project("{FAE04EC0-301F-11D3-BF4B-00C04F79EFBC}") = "Events_Delegates", "Events_Delegates\Events_Delegates.csproj", "{5ED64413-C78F-4FA6-A368-194AC401495C}"
EndProject
Global
	GlobalSection(SolutionConfigurationPlatforms) = preSolution
		Debug|Any CPU = Debug|Any CPU
		Release|Any CPU = Release|Any CPU
	EndGlobalSection
	GlobalSection(ProjectConfigurationPlatforms) = postSolution
		{5ED64413-C78F-4FA6-A368-194AC401495C}.Debug|Any CPU.ActiveCfg = Debug|Any CPU
		{5ED64413-C78F-4FA6-A368-194AC401495C}.Debug|Any CPU.Build.0 = Debug|Any CPU
		{5ED64413-C78F-4FA6-A368-194AC401495C}.Release|Any CPU.ActiveCfg = Release|Any CPU
		{5ED64413-C78F-4FA6-A368-194AC401495C}.Release|Any CPU.Build.0 = Release|Any CPU
	EndGlobalSection
	GlobalSection(SolutionProperties) = preSolution
		HideSolutionNode = FALSE
	EndGlobalSection
	GlobalSection(ExtensibilityGlobals) = postSolution
		SolutionGuid = {0F47BA41-8C75-4FB5-89F3-403BAAFC7351}
	EndGlobalSection
EndGlobal
