
Microsoft Visual Studio Solution File, Format Version 12.00
# Visual Studio 15
VisualStudioVersion = 15.0.28307.1209
MinimumVisualStudioVersion = 10.0.40219.1
Project("{FAE04EC0-301F-11D3-BF4B-00C04F79EFBC}") = "Singleton", "Singleton\Singleton.csproj", "{917D9521-2382-45FC-A4A1-D472FCA3724F}"
EndProject
Global
	GlobalSection(SolutionConfigurationPlatforms) = preSolution
		Debug|Any CPU = Debug|Any CPU
		Release|Any CPU = Release|Any CPU
	EndGlobalSection
	GlobalSection(ProjectConfigurationPlatforms) = postSolution
		{917D9521-2382-45FC-A4A1-D472FCA3724F}.Debug|Any CPU.ActiveCfg = Debug|Any CPU
		{917D9521-2382-45FC-A4A1-D472FCA3724F}.Debug|Any CPU.Build.0 = Debug|Any CPU
		{917D9521-2382-45FC-A4A1-D472FCA3724F}.Release|Any CPU.ActiveCfg = Release|Any CPU
		{917D9521-2382-45FC-A4A1-D472FCA3724F}.Release|Any CPU.Build.0 = Release|Any CPU
	EndGlobalSection
	GlobalSection(SolutionProperties) = preSolution
		HideSolutionNode = FALSE
	EndGlobalSection
	GlobalSection(ExtensibilityGlobals) = postSolution
		SolutionGuid = {477CEF06-08DD-41E0-A05B-51C32F690752}
	EndGlobalSection
EndGlobal
