
Microsoft Visual Studio Solution File, Format Version 12.00
# Visual Studio 15
VisualStudioVersion = 15.0.28307.1209
MinimumVisualStudioVersion = 10.0.40219.1
Project("{FAE04EC0-301F-11D3-BF4B-00C04F79EFBC}") = "Composite", "Composite\Composite.csproj", "{D3A12742-677E-41E9-A988-88A97AE5D74B}"
EndProject
Global
	GlobalSection(SolutionConfigurationPlatforms) = preSolution
		Debug|Any CPU = Debug|Any CPU
		Release|Any CPU = Release|Any CPU
	EndGlobalSection
	GlobalSection(ProjectConfigurationPlatforms) = postSolution
		{D3A12742-677E-41E9-A988-88A97AE5D74B}.Debug|Any CPU.ActiveCfg = Debug|Any CPU
		{D3A12742-677E-41E9-A988-88A97AE5D74B}.Debug|Any CPU.Build.0 = Debug|Any CPU
		{D3A12742-677E-41E9-A988-88A97AE5D74B}.Release|Any CPU.ActiveCfg = Release|Any CPU
		{D3A12742-677E-41E9-A988-88A97AE5D74B}.Release|Any CPU.Build.0 = Release|Any CPU
	EndGlobalSection
	GlobalSection(SolutionProperties) = preSolution
		HideSolutionNode = FALSE
	EndGlobalSection
	GlobalSection(ExtensibilityGlobals) = postSolution
		SolutionGuid = {92C1B2E1-7ACC-42AF-96E4-FD8A327F1480}
	EndGlobalSection
EndGlobal
