
Microsoft Visual Studio Solution File, Format Version 12.00
# Visual Studio 15
VisualStudioVersion = 15.0.28307.1209
MinimumVisualStudioVersion = 10.0.40219.1
Project("{FAE04EC0-301F-11D3-BF4B-00C04F79EFBC}") = "Adapter", "Adapter\Adapter.csproj", "{64114FB2-2CE7-44A2-877E-5F7D80363E47}"
EndProject
Global
	GlobalSection(SolutionConfigurationPlatforms) = preSolution
		Debug|Any CPU = Debug|Any CPU
		Release|Any CPU = Release|Any CPU
	EndGlobalSection
	GlobalSection(ProjectConfigurationPlatforms) = postSolution
		{64114FB2-2CE7-44A2-877E-5F7D80363E47}.Debug|Any CPU.ActiveCfg = Debug|Any CPU
		{64114FB2-2CE7-44A2-877E-5F7D80363E47}.Debug|Any CPU.Build.0 = Debug|Any CPU
		{64114FB2-2CE7-44A2-877E-5F7D80363E47}.Release|Any CPU.ActiveCfg = Release|Any CPU
		{64114FB2-2CE7-44A2-877E-5F7D80363E47}.Release|Any CPU.Build.0 = Release|Any CPU
	EndGlobalSection
	GlobalSection(SolutionProperties) = preSolution
		HideSolutionNode = FALSE
	EndGlobalSection
	GlobalSection(ExtensibilityGlobals) = postSolution
		SolutionGuid = {DE1AF760-C9A3-4022-90D9-81E22190C788}
	EndGlobalSection
EndGlobal
