
Microsoft Visual Studio Solution File, Format Version 12.00
# Visual Studio 15
VisualStudioVersion = 15.0.28307.1209
MinimumVisualStudioVersion = 10.0.40219.1
Project("{FAE04EC0-301F-11D3-BF4B-00C04F79EFBC}") = "Iterator", "Iterator\Iterator.csproj", "{DD06C89C-D25B-422E-BF28-17A78E73E7D7}"
EndProject
Project("{FAE04EC0-301F-11D3-BF4B-00C04F79EFBC}") = "Iterator2", "Iterator2\Iterator2.csproj", "{439D68DF-8186-44B6-AB3F-CDE5591FD739}"
EndProject
Global
	GlobalSection(SolutionConfigurationPlatforms) = preSolution
		Debug|Any CPU = Debug|Any CPU
		Release|Any CPU = Release|Any CPU
	EndGlobalSection
	GlobalSection(ProjectConfigurationPlatforms) = postSolution
		{DD06C89C-D25B-422E-BF28-17A78E73E7D7}.Debug|Any CPU.ActiveCfg = Debug|Any CPU
		{DD06C89C-D25B-422E-BF28-17A78E73E7D7}.Debug|Any CPU.Build.0 = Debug|Any CPU
		{DD06C89C-D25B-422E-BF28-17A78E73E7D7}.Release|Any CPU.ActiveCfg = Release|Any CPU
		{DD06C89C-D25B-422E-BF28-17A78E73E7D7}.Release|Any CPU.Build.0 = Release|Any CPU
		{439D68DF-8186-44B6-AB3F-CDE5591FD739}.Debug|Any CPU.ActiveCfg = Debug|Any CPU
		{439D68DF-8186-44B6-AB3F-CDE5591FD739}.Debug|Any CPU.Build.0 = Debug|Any CPU
		{439D68DF-8186-44B6-AB3F-CDE5591FD739}.Release|Any CPU.ActiveCfg = Release|Any CPU
		{439D68DF-8186-44B6-AB3F-CDE5591FD739}.Release|Any CPU.Build.0 = Release|Any CPU
	EndGlobalSection
	GlobalSection(SolutionProperties) = preSolution
		HideSolutionNode = FALSE
	EndGlobalSection
	GlobalSection(ExtensibilityGlobals) = postSolution
		SolutionGuid = {E7ACDC25-D1BD-47FF-9582-59576F70C7A1}
	EndGlobalSection
EndGlobal
