
Microsoft Visual Studio Solution File, Format Version 12.00
# Visual Studio 15
VisualStudioVersion = 15.0.28307.1209
MinimumVisualStudioVersion = 10.0.40219.1
Project("{FAE04EC0-301F-11D3-BF4B-00C04F79EFBC}") = "NewIterator", "NewIterator\NewIterator.csproj", "{46A6E6F4-0FA9-4845-BF08-D505C5A15329}"
EndProject
Global
	GlobalSection(SolutionConfigurationPlatforms) = preSolution
		Debug|Any CPU = Debug|Any CPU
		Release|Any CPU = Release|Any CPU
	EndGlobalSection
	GlobalSection(ProjectConfigurationPlatforms) = postSolution
		{46A6E6F4-0FA9-4845-BF08-D505C5A15329}.Debug|Any CPU.ActiveCfg = Debug|Any CPU
		{46A6E6F4-0FA9-4845-BF08-D505C5A15329}.Debug|Any CPU.Build.0 = Debug|Any CPU
		{46A6E6F4-0FA9-4845-BF08-D505C5A15329}.Release|Any CPU.ActiveCfg = Release|Any CPU
		{46A6E6F4-0FA9-4845-BF08-D505C5A15329}.Release|Any CPU.Build.0 = Release|Any CPU
	EndGlobalSection
	GlobalSection(SolutionProperties) = preSolution
		HideSolutionNode = FALSE
	EndGlobalSection
	GlobalSection(ExtensibilityGlobals) = postSolution
		SolutionGuid = {8902E093-E848-40AF-9DF1-170864291DB6}
	EndGlobalSection
EndGlobal
